
Microsoft Visual Studio Solution File, Format Version 12.00
# Visual Studio Version 16
VisualStudioVersion = 16.0.31205.134
MinimumVisualStudioVersion = 10.0.40219.1
Project("{8BC9CEB8-8B4A-11D0-8D11-00A0C91BC942}") = "SocketUI", "SocketUI.vcxproj", "{17F30EFF-AEF1-48E6-8EA1-97801C90A10B}"
EndProject
Project("{8BC9CEB8-8B4A-11D0-8D11-00A0C91BC942}") = "ServerDLL", "..\ServerDLL\ServerDLL.vcxproj", "{5281063A-F0D8-4F30-B291-DD2A8D9E4425}"
EndProject
Global
	GlobalSection(SolutionConfigurationPlatforms) = preSolution
		Debug|x64 = Debug|x64
		Debug|x86 = Debug|x86
		Release|x64 = Release|x64
		Release|x86 = Release|x86
	EndGlobalSection
	GlobalSection(ProjectConfigurationPlatforms) = postSolution
		{17F30EFF-AEF1-48E6-8EA1-97801C90A10B}.Debug|x64.ActiveCfg = Debug|x64
		{17F30EFF-AEF1-48E6-8EA1-97801C90A10B}.Debug|x64.Build.0 = Debug|x64
		{17F30EFF-AEF1-48E6-8EA1-97801C90A10B}.Debug|x86.ActiveCfg = Debug|Win32
		{17F30EFF-AEF1-48E6-8EA1-97801C90A10B}.Debug|x86.Build.0 = Debug|Win32
		{17F30EFF-AEF1-48E6-8EA1-97801C90A10B}.Release|x64.ActiveCfg = Release|x64
		{17F30EFF-AEF1-48E6-8EA1-97801C90A10B}.Release|x64.Build.0 = Release|x64
		{17F30EFF-AEF1-48E6-8EA1-97801C90A10B}.Release|x86.ActiveCfg = Release|Win32
		{17F30EFF-AEF1-48E6-8EA1-97801C90A10B}.Release|x86.Build.0 = Release|Win32
		{5281063A-F0D8-4F30-B291-DD2A8D9E4425}.Debug|x64.ActiveCfg = Debug|x64
		{5281063A-F0D8-4F30-B291-DD2A8D9E4425}.Debug|x64.Build.0 = Debug|x64
		{5281063A-F0D8-4F30-B291-DD2A8D9E4425}.Debug|x86.ActiveCfg = Debug|Win32
		{5281063A-F0D8-4F30-B291-DD2A8D9E4425}.Debug|x86.Build.0 = Debug|Win32
		{5281063A-F0D8-4F30-B291-DD2A8D9E4425}.Release|x64.ActiveCfg = Release|x64
		{5281063A-F0D8-4F30-B291-DD2A8D9E4425}.Release|x64.Build.0 = Release|x64
		{5281063A-F0D8-4F30-B291-DD2A8D9E4425}.Release|x86.ActiveCfg = Release|Win32
		{5281063A-F0D8-4F30-B291-DD2A8D9E4425}.Release|x86.Build.0 = Release|Win32
	EndGlobalSection
	GlobalSection(SolutionProperties) = preSolution
		HideSolutionNode = FALSE
	EndGlobalSection
	GlobalSection(ExtensibilityGlobals) = postSolution
		SolutionGuid = {C2CE2C2B-1876-47DD-9B55-F499CF2D8404}
	EndGlobalSection
EndGlobal
